Microsoft Visual Studio Solution File, Format Version 12.00
# Visual Studio Version 17
VisualStudioVersion = 17.8.0.0
MinimumVisualStudioVersion = 10.0.40219.1
Project("{FAE04EC0-301F-11D3-BF4B-00C04F79EFBC}") = "SalesFlow.Domain", "SalesFlow.Domain\SalesFlow.Domain.csproj", "{21852178-EAA2-4116-B50E-6FC476DE51AC}"
EndProject
Project("{FAE04EC0-301F-11D3-BF4B-00C04F79EFBC}") = "SalesFlow.Application", "SalesFlow.Application\SalesFlow.Application.csproj", "{88FE2309-FB4D-4841-BC76-5E331E7D84DA}"
EndProject
Project("{FAE04EC0-301F-11D3-BF4B-00C04F79EFBC}") = "SalesFlow.Infrastructure", "SalesFlow.Infrastructure\SalesFlow.Infrastructure.csproj", "{39963FBF-002E-43BE-96CE-9401C4CA6B35}"
EndProject
Project("{FAE04EC0-301F-11D3-BF4B-00C04F79EFBC}") = "SalesFlow.API", "SalesFlow.API\SalesFlow.API.csproj", "{72F26C8A-2519-4D67-B6C5-2662F64F3A2B}"
EndProject
Global
	GlobalSection(SolutionConfigurationPlatforms) = preSolution
		Debug|Any CPU = Debug|Any CPU
		Release|Any CPU = Release|Any CPU
	EndGlobalSection
	GlobalSection(ProjectConfigurationPlatforms) = postSolution
		{21852178-EAA2-4116-B50E-6FC476DE51AC}.Debug|Any CPU.ActiveCfg = Debug|Any CPU
		{21852178-EAA2-4116-B50E-6FC476DE51AC}.Debug|Any CPU.Build.0 = Debug|Any CPU
		{21852178-EAA2-4116-B50E-6FC476DE51AC}.Release|Any CPU.ActiveCfg = Release|Any CPU
		{21852178-EAA2-4116-B50E-6FC476DE51AC}.Release|Any CPU.Build.0 = Release|Any CPU
		{88FE2309-FB4D-4841-BC76-5E331E7D84DA}.Debug|Any CPU.ActiveCfg = Debug|Any CPU
		{88FE2309-FB4D-4841-BC76-5E331E7D84DA}.Debug|Any CPU.Build.0 = Debug|Any CPU
		{88FE2309-FB4D-4841-BC76-5E331E7D84DA}.Release|Any CPU.ActiveCfg = Release|Any CPU
		{88FE2309-FB4D-4841-BC76-5E331E7D84DA}.Release|Any CPU.Build.0 = Release|Any CPU
		{39963FBF-002E-43BE-96CE-9401C4CA6B35}.Debug|Any CPU.ActiveCfg = Debug|Any CPU
		{39963FBF-002E-43BE-96CE-9401C4CA6B35}.Debug|Any CPU.Build.0 = Debug|Any CPU
		{39963FBF-002E-43BE-96CE-9401C4CA6B35}.Release|Any CPU.ActiveCfg = Release|Any CPU
		{39963FBF-002E-43BE-96CE-9401C4CA6B35}.Release|Any CPU.Build.0 = Release|Any CPU
		{72F26C8A-2519-4D67-B6C5-2662F64F3A2B}.Debug|Any CPU.ActiveCfg = Debug|Any CPU
		{72F26C8A-2519-4D67-B6C5-2662F64F3A2B}.Debug|Any CPU.Build.0 = Debug|Any CPU
		{72F26C8A-2519-4D67-B6C5-2662F64F3A2B}.Release|Any CPU.ActiveCfg = Release|Any CPU
		{72F26C8A-2519-4D67-B6C5-2662F64F3A2B}.Release|Any CPU.Build.0 = Release|Any CPU
	EndGlobalSection
	GlobalSection(SolutionProperties) = preSolution
		HideSolutionNode = FALSE
	EndGlobalSection
EndGlobal
